
Microsoft Visual Studio Solution File, Format Version 12.00
# Visual Studio Version 17
VisualStudioVersion = 17.1.32421.90
MinimumVisualStudioVersion = 10.0.40219.1
Project("{FAE04EC0-301F-11D3-BF4B-00C04F79EFBC}") = "car_refuelling", "car_refuelling\car_refuelling.csproj", "{37BED312-4BCC-4797-AA51-7008BD4FA218}"
EndProject
Global
	GlobalSection(SolutionConfigurationPlatforms) = preSolution
		Debug|Any CPU = Debug|Any CPU
		Release|Any CPU = Release|Any CPU
	EndGlobalSection
	GlobalSection(ProjectConfigurationPlatforms) = postSolution
		{37BED312-4BCC-4797-AA51-7008BD4FA218}.Debug|Any CPU.ActiveCfg = Debug|Any CPU
		{37BED312-4BCC-4797-AA51-7008BD4FA218}.Debug|Any CPU.Build.0 = Debug|Any CPU
		{37BED312-4BCC-4797-AA51-7008BD4FA218}.Release|Any CPU.ActiveCfg = Release|Any CPU
		{37BED312-4BCC-4797-AA51-7008BD4FA218}.Release|Any CPU.Build.0 = Release|Any CPU
	EndGlobalSection
	GlobalSection(SolutionProperties) = preSolution
		HideSolutionNode = FALSE
	EndGlobalSection
	GlobalSection(ExtensibilityGlobals) = postSolution
		SolutionGuid = {22A3C15B-6BCD-4D69-8F64-63BEA408A976}
	EndGlobalSection
EndGlobal
